
Microsoft Visual Studio Solution File, Format Version 12.00
# Visual Studio 15
VisualStudioVersion = 15.0.28307.421
MinimumVisualStudioVersion = 10.0.40219.1
Project("{FAE04EC0-301F-11D3-BF4B-00C04F79EFBC}") = "MVCparcial", "MVCparcial\MVCparcial.csproj", "{B236DCCB-12DB-4C0D-8EE7-B030066B7198}"
EndProject
Project("{FAE04EC0-301F-11D3-BF4B-00C04F79EFBC}") = "APIparcial", "APIparcial\APIparcial.csproj", "{B180E367-FFF5-492E-A365-C8CD8530D699}"
EndProject
Global
	GlobalSection(SolutionConfigurationPlatforms) = preSolution
		Debug|Any CPU = Debug|Any CPU
		Release|Any CPU = Release|Any CPU
	EndGlobalSection
	GlobalSection(ProjectConfigurationPlatforms) = postSolution
		{B236DCCB-12DB-4C0D-8EE7-B030066B7198}.Debug|Any CPU.ActiveCfg = Debug|Any CPU
		{B236DCCB-12DB-4C0D-8EE7-B030066B7198}.Debug|Any CPU.Build.0 = Debug|Any CPU
		{B236DCCB-12DB-4C0D-8EE7-B030066B7198}.Release|Any CPU.ActiveCfg = Release|Any CPU
		{B236DCCB-12DB-4C0D-8EE7-B030066B7198}.Release|Any CPU.Build.0 = Release|Any CPU
		{B180E367-FFF5-492E-A365-C8CD8530D699}.Debug|Any CPU.ActiveCfg = Debug|Any CPU
		{B180E367-FFF5-492E-A365-C8CD8530D699}.Debug|Any CPU.Build.0 = Debug|Any CPU
		{B180E367-FFF5-492E-A365-C8CD8530D699}.Release|Any CPU.ActiveCfg = Release|Any CPU
		{B180E367-FFF5-492E-A365-C8CD8530D699}.Release|Any CPU.Build.0 = Release|Any CPU
	EndGlobalSection
	GlobalSection(SolutionProperties) = preSolution
		HideSolutionNode = FALSE
	EndGlobalSection
	GlobalSection(ExtensibilityGlobals) = postSolution
		SolutionGuid = {3A322870-984A-4487-9F59-10B06922797C}
	EndGlobalSection
EndGlobal
